
Microsoft Visual Studio Solution File, Format Version 12.00
# Visual Studio Version 17
VisualStudioVersion = 17.10.34607.79
MinimumVisualStudioVersion = 10.0.40219.1
Project("{FAE04EC0-301F-11D3-BF4B-00C04F79EFBC}") = "AWSPolicyCompacter", "AWSPolicyCompacter\AWSPolicyCompacter.csproj", "{36DBA8F5-7CC0-472B-A0CA-33E0FEB05E1F}"
EndProject
Global
	GlobalSection(SolutionConfigurationPlatforms) = preSolution
		Debug|Any CPU = Debug|Any CPU
		Release|Any CPU = Release|Any CPU
	EndGlobalSection
	GlobalSection(ProjectConfigurationPlatforms) = postSolution
		{36DBA8F5-7CC0-472B-A0CA-33E0FEB05E1F}.Debug|Any CPU.ActiveCfg = Debug|Any CPU
		{36DBA8F5-7CC0-472B-A0CA-33E0FEB05E1F}.Debug|Any CPU.Build.0 = Debug|Any CPU
		{36DBA8F5-7CC0-472B-A0CA-33E0FEB05E1F}.Release|Any CPU.ActiveCfg = Release|Any CPU
		{36DBA8F5-7CC0-472B-A0CA-33E0FEB05E1F}.Release|Any CPU.Build.0 = Release|Any CPU
	EndGlobalSection
	GlobalSection(SolutionProperties) = preSolution
		HideSolutionNode = FALSE
	EndGlobalSection
	GlobalSection(ExtensibilityGlobals) = postSolution
		SolutionGuid = {C503B77B-98CE-4C80-8B84-4236AA96E415}
	EndGlobalSection
EndGlobal
